# This file is autogenerated, do not edit; changes may be undone by the next 'dep ensure'.


[[projects]]
  branch = "master"
  name = "github.com/teamwork/utils"
  packages = ["stringutil"]
  revision = "d3111ff1ba4d68d5128cc2f3b6cfee49102aadc9"

[[projects]]
  branch = "master"
  name = "github.com/tevino/abool"
  packages = ["."]
  revision = "9b9efcf221b50905aab9bbabd3daed56dc10f339"

[solve-meta]
  analyzer-name = "dep"
  analyzer-version = 1
  inputs-digest = "4b8a2cddd8b08849b0e25f2189fe37d7ed6ae08139c19b58f2e1331ad0538e5a"
  solver-name = "gps-cdcl"
  solver-version = 1
