# This file is autogenerated, do not edit; changes may be undone by the next 'dep ensure'.


[[projects]]
  branch = "master"
  name = "github.com/teamwork/utils"
  packages = ["stringutil"]
  revision = "d3111ff1ba4d68d5128cc2f3b6cfee49102aadc9"

[solve-meta]
  analyzer-name = "dep"
  analyzer-version = 1
  inputs-digest = "ab99f1881af4f5081e61bdbf0159e32a9a306254207f1a9e73136787344ae5c8"
  solver-name = "gps-cdcl"
  solver-version = 1
